# @generated - this file is auto-generated by `mise lock` https://mise.jdx.dev/dev-tools/mise-lock.html

[[tools.apm]]
version = "0.28.0"
backend = "github:microsoft/apm"

[tools.apm."platforms.linux-x64"]
checksum = "sha256:7edab3baba96658a20120fc8f3012e3223da7924937a8cbf169bf9805853b8d7"
url = "https://github.com/microsoft/apm/releases/download/v0.28.0/apm-linux-x86_64.tar.gz"
url_api = "https://api.github.com/repos/microsoft/apm/releases/assets/503748776"

[tools.apm."platforms.macos-arm64"]
checksum = "sha256:9676a6e7bf2bcb3966538a7130faea14ba030baa45f678597cc3fa15c902cb0a"
url = "https://github.com/microsoft/apm/releases/download/v0.28.0/apm-darwin-arm64.tar.gz"
url_api = "https://api.github.com/repos/microsoft/apm/releases/assets/503748770"

[[tools."aqua:BurntSushi/ripgrep"]]
version = "15.2.0"
backend = "aqua:BurntSushi/ripgrep"

[tools."aqua:BurntSushi/ripgrep"."platforms.linux-x64"]
checksum = "sha256:33e15bcf1624b25cdd2a55813a47a2f95dbe126268203e76aa6a585d1e7b149c"
url = "https://github.com/BurntSushi/ripgrep/releases/download/15.2.0/ripgrep-15.2.0-x86_64-unknown-linux-musl.tar.gz"
url_api = "https://api.github.com/repos/BurntSushi/ripgrep/releases/assets/478120097"

[tools."aqua:BurntSushi/ripgrep"."platforms.macos-arm64"]
checksum = "sha256:3750b2e93f37e0c692657da574d7019a101c0084da05a790c83fd335bad973e4"
url = "https://github.com/BurntSushi/ripgrep/releases/download/15.2.0/ripgrep-15.2.0-aarch64-apple-darwin.tar.gz"
url_api = "https://api.github.com/repos/BurntSushi/ripgrep/releases/assets/478118851"

[[tools."aqua:astral-sh/uv"]]
version = "0.12.1"
backend = "aqua:astral-sh/uv"

[tools."aqua:astral-sh/uv"."platforms.linux-x64"]
checksum = "sha256:47823f814693bab8623308341369190de30b5c621eec5b1ee20352eae8c7982c"
url = "https://github.com/astral-sh/uv/releases/download/0.12.1/uv-x86_64-unknown-linux-musl.tar.gz"
url_api = "https://api.github.com/repos/astral-sh/uv/releases/assets/497097157"
provenance = "github-attestations"

[tools."aqua:astral-sh/uv"."platforms.macos-arm64"]
checksum = "sha256:77d2906988e8074fd43f2f329ec452ebbf9b0c257ba1c66451c71de70a6baf42"
url = "https://github.com/astral-sh/uv/releases/download/0.12.1/uv-aarch64-apple-darwin.tar.gz"
url_api = "https://api.github.com/repos/astral-sh/uv/releases/assets/497097062"
provenance = "github-attestations"

[[tools."aqua:gitleaks/gitleaks"]]
version = "8.30.1"
backend = "aqua:gitleaks/gitleaks"

[tools."aqua:gitleaks/gitleaks"."platforms.linux-x64"]
checksum = "sha256:551f6fc83ea457d62a0d98237cbad105af8d557003051f41f3e7ca7b3f2470eb"
url = "https://github.com/gitleaks/gitleaks/releases/download/v8.30.1/gitleaks_8.30.1_linux_x64.tar.gz"
url_api = "https://api.github.com/repos/gitleaks/gitleaks/releases/assets/378332058"

[tools."aqua:gitleaks/gitleaks"."platforms.macos-arm64"]
checksum = "sha256:b40ab0ae55c505963e365f271a8d3846efbc170aa17f2607f13df610a9aeb6a5"
url = "https://github.com/gitleaks/gitleaks/releases/download/v8.30.1/gitleaks_8.30.1_darwin_arm64.tar.gz"
url_api = "https://api.github.com/repos/gitleaks/gitleaks/releases/assets/378332059"

[[tools."aqua:koalaman/shellcheck"]]
version = "0.11.0"
backend = "aqua:koalaman/shellcheck"

[tools."aqua:koalaman/shellcheck"."platforms.linux-x64"]
checksum = "sha256:8c3be12b05d5c177a04c29e3c78ce89ac86f1595681cab149b65b97c4e227198"
url = "https://github.com/koalaman/shellcheck/releases/download/v0.11.0/shellcheck-v0.11.0.linux.x86_64.tar.xz"
url_api = "https://api.github.com/repos/koalaman/shellcheck/releases/assets/279056942"

[tools."aqua:koalaman/shellcheck"."platforms.macos-arm64"]
checksum = "sha256:56affdd8de5527894dca6dc3d7e0a99a873b0f004d7aabc30ae407d3f48b0a79"
url = "https://github.com/koalaman/shellcheck/releases/download/v0.11.0/shellcheck-v0.11.0.darwin.aarch64.tar.xz"
url_api = "https://api.github.com/repos/koalaman/shellcheck/releases/assets/279056932"

[[tools.node]]
version = "24.18.0"
backend = "core:node"

[tools.node."platforms.linux-x64"]
checksum = "sha256:783130984963db7ba9cbd01089eaf2c2efb055c7c1693c943174b967b3050cb8"
url = "https://nodejs.org/dist/v24.18.0/node-v24.18.0-linux-x64.tar.gz"

[tools.node."platforms.macos-arm64"]
checksum = "sha256:e1a97e14c99c803e96c7339403282ea05a499c32f8d83defe9ef5ec66f979ed1"
url = "https://nodejs.org/dist/v24.18.0/node-v24.18.0-darwin-arm64.tar.gz"

[[tools."npm:rulesync"]]
version = "16.7.0"
backend = "npm:rulesync"

[[tools."npm:skills"]]
version = "1.5.22"
backend = "npm:skills"

[[tools."pipx:skills-ref"]]
version = "0.1.1"
backend = "pipx:skills-ref"
