lockfile_version: '1'
generated_at: '2026-08-16T15:16:48.016848+00:00'
apm_version: 0.28.0
dependencies:
- repo_url: _local/capability-resolver
  name: capability-resolver
  version: 0.0.0
  package_type: claude_skill
  deployed_files:
  - .agents/skills/capability-resolver
  - .agents/skills/capability-resolver/SKILL.md
  - .agents/skills/capability-resolver/agents/openai.yaml
  - .agents/skills/capability-resolver/evals/evals.json
  - .agents/skills/capability-resolver/scripts/capability-resolver.mjs
  - .agents/skills/capability-resolver/scripts/lib/capability-overlay.mjs
  - .agents/skills/capability-resolver/scripts/lib/catalog.mjs
  - .agents/skills/capability-resolver/scripts/lib/database.mjs
  - .agents/skills/capability-resolver/scripts/lib/index.mjs
  - .agents/skills/capability-resolver/scripts/lib/query.mjs
  deployed_file_hashes:
    .agents/skills/capability-resolver/SKILL.md: sha256:ec8abf0ed5f2915c8b01d2b56f936e02512f9ba1b03f1c3b920cc76eb302bdee
    .agents/skills/capability-resolver/agents/openai.yaml: sha256:e3084c9e7b5879bafd95458408c53d06ff0782715b9ed3a4aad338e537cbc786
    .agents/skills/capability-resolver/evals/evals.json: sha256:b59e74971993f6f6373453fd8dad02d0e25245dde0bc30cd3d9ee7b9496def8e
    .agents/skills/capability-resolver/scripts/capability-resolver.mjs: sha256:42d7d5a9a2ab16aebcd0d379b31dda331a9a9b54f5594ddb099d770863274ee3
    .agents/skills/capability-resolver/scripts/lib/capability-overlay.mjs: sha256:5974f14236831538dbb8a35dcbacf4e81a8aac700b65bbf2fc40a8609eed9c51
    .agents/skills/capability-resolver/scripts/lib/catalog.mjs: sha256:6b5a7529169d2cddf4a33333113dc2ced4f3f80fef1b4a304f9cc491a20801af
    .agents/skills/capability-resolver/scripts/lib/database.mjs: sha256:0060cc4784668dbc3384a754dc7157f96315d77847a5c3ac64b456d9a511a4ce
    .agents/skills/capability-resolver/scripts/lib/index.mjs: sha256:5e1611c598f19e06f543ed8d009b26c14a5218f86d94708fc3977459e36bd76e
    .agents/skills/capability-resolver/scripts/lib/query.mjs: sha256:125251f3979a2fcdb4e1a63e3d3adcc08fe5b31f61692a44b56aca8f3155a77d
  source: local
  local_path: ../../payload/skills/capability-resolver
- repo_url: _local/graph-workflow
  name: graph-workflow
  version: 0.0.0
  package_type: claude_skill
  deployed_files:
  - .agents/skills/graph-workflow
  - .agents/skills/graph-workflow/SKILL.md
  - .agents/skills/graph-workflow/agents/openai.yaml
  - .agents/skills/graph-workflow/references/DURABLE_RUNTIME_ADAPTER.md
  - .agents/skills/graph-workflow/references/GRAPH_CONTRACT.md
  - .agents/skills/graph-workflow/references/RECOVERY_AND_EVALUATION.md
  - .agents/skills/graph-workflow/scripts/select-execution-surface.mjs
  deployed_file_hashes:
    .agents/skills/graph-workflow/SKILL.md: sha256:2378af8ea1f2d3a9fb0ddfa0931e701b7cb4383c22b574bafe982a0e61a16681
    .agents/skills/graph-workflow/agents/openai.yaml: sha256:d3f629254899b78bce5f990462e688384fd7b566cc7573098848c2a5f21eb335
    .agents/skills/graph-workflow/references/DURABLE_RUNTIME_ADAPTER.md: sha256:0d674477c6d93020b4c748ff7efc1fcc0e0de64aabc2fda17caa3403b99c797e
    .agents/skills/graph-workflow/references/GRAPH_CONTRACT.md: sha256:35763c1804c0b799ed116e06ac8034d9b0f19ae3941e9bdbbee086cc29aab9c1
    .agents/skills/graph-workflow/references/RECOVERY_AND_EVALUATION.md: sha256:f81b7051f3a78934e914cdf42ed9986a8ec1a4dc3190d7516707a8874ed162d0
    .agents/skills/graph-workflow/scripts/select-execution-surface.mjs: sha256:3d6765c3b71f392f1b14dfb2700da3e008f506c772b39bc9f1c8a7dc253edf95
  source: local
  local_path: ../../payload/skills/graph-workflow
deployments:
- kind: project-relative
  target: agent-skills
  value: .agents/skills/capability-resolver
  runtime: null
  scope: project
  owners:
  - ../../payload/skills/capability-resolver
  active_owner: ../../payload/skills/capability-resolver
  content_hash: null
- kind: project-relative
  target: agent-skills
  value: .agents/skills/capability-resolver/SKILL.md
  runtime: null
  scope: project
  owners:
  - ../../payload/skills/capability-resolver
  active_owner: ../../payload/skills/capability-resolver
  content_hash: sha256:ec8abf0ed5f2915c8b01d2b56f936e02512f9ba1b03f1c3b920cc76eb302bdee
- kind: project-relative
  target: agent-skills
  value: .agents/skills/capability-resolver/agents/openai.yaml
  runtime: null
  scope: project
  owners:
  - ../../payload/skills/capability-resolver
  active_owner: ../../payload/skills/capability-resolver
  content_hash: sha256:e3084c9e7b5879bafd95458408c53d06ff0782715b9ed3a4aad338e537cbc786
- kind: project-relative
  target: agent-skills
  value: .agents/skills/capability-resolver/evals/evals.json
  runtime: null
  scope: project
  owners:
  - ../../payload/skills/capability-resolver
  active_owner: ../../payload/skills/capability-resolver
  content_hash: sha256:b59e74971993f6f6373453fd8dad02d0e25245dde0bc30cd3d9ee7b9496def8e
- kind: project-relative
  target: agent-skills
  value: .agents/skills/capability-resolver/scripts/capability-resolver.mjs
  runtime: null
  scope: project
  owners:
  - ../../payload/skills/capability-resolver
  active_owner: ../../payload/skills/capability-resolver
  content_hash: sha256:42d7d5a9a2ab16aebcd0d379b31dda331a9a9b54f5594ddb099d770863274ee3
- kind: project-relative
  target: agent-skills
  value: .agents/skills/capability-resolver/scripts/lib/capability-overlay.mjs
  runtime: null
  scope: project
  owners:
  - ../../payload/skills/capability-resolver
  active_owner: ../../payload/skills/capability-resolver
  content_hash: sha256:5974f14236831538dbb8a35dcbacf4e81a8aac700b65bbf2fc40a8609eed9c51
- kind: project-relative
  target: agent-skills
  value: .agents/skills/capability-resolver/scripts/lib/catalog.mjs
  runtime: null
  scope: project
  owners:
  - ../../payload/skills/capability-resolver
  active_owner: ../../payload/skills/capability-resolver
  content_hash: sha256:6b5a7529169d2cddf4a33333113dc2ced4f3f80fef1b4a304f9cc491a20801af
- kind: project-relative
  target: agent-skills
  value: .agents/skills/capability-resolver/scripts/lib/database.mjs
  runtime: null
  scope: project
  owners:
  - ../../payload/skills/capability-resolver
  active_owner: ../../payload/skills/capability-resolver
  content_hash: sha256:0060cc4784668dbc3384a754dc7157f96315d77847a5c3ac64b456d9a511a4ce
- kind: project-relative
  target: agent-skills
  value: .agents/skills/capability-resolver/scripts/lib/index.mjs
  runtime: null
  scope: project
  owners:
  - ../../payload/skills/capability-resolver
  active_owner: ../../payload/skills/capability-resolver
  content_hash: sha256:5e1611c598f19e06f543ed8d009b26c14a5218f86d94708fc3977459e36bd76e
- kind: project-relative
  target: agent-skills
  value: .agents/skills/capability-resolver/scripts/lib/query.mjs
  runtime: null
  scope: project
  owners:
  - ../../payload/skills/capability-resolver
  active_owner: ../../payload/skills/capability-resolver
  content_hash: sha256:125251f3979a2fcdb4e1a63e3d3adcc08fe5b31f61692a44b56aca8f3155a77d
- kind: project-relative
  target: agent-skills
  value: .agents/skills/graph-workflow
  runtime: null
  scope: project
  owners:
  - ../../payload/skills/graph-workflow
  active_owner: ../../payload/skills/graph-workflow
  content_hash: null
- kind: project-relative
  target: agent-skills
  value: .agents/skills/graph-workflow/SKILL.md
  runtime: null
  scope: project
  owners:
  - ../../payload/skills/graph-workflow
  active_owner: ../../payload/skills/graph-workflow
  content_hash: sha256:2378af8ea1f2d3a9fb0ddfa0931e701b7cb4383c22b574bafe982a0e61a16681
- kind: project-relative
  target: agent-skills
  value: .agents/skills/graph-workflow/agents/openai.yaml
  runtime: null
  scope: project
  owners:
  - ../../payload/skills/graph-workflow
  active_owner: ../../payload/skills/graph-workflow
  content_hash: sha256:d3f629254899b78bce5f990462e688384fd7b566cc7573098848c2a5f21eb335
- kind: project-relative
  target: agent-skills
  value: .agents/skills/graph-workflow/references/DURABLE_RUNTIME_ADAPTER.md
  runtime: null
  scope: project
  owners:
  - ../../payload/skills/graph-workflow
  active_owner: ../../payload/skills/graph-workflow
  content_hash: sha256:0d674477c6d93020b4c748ff7efc1fcc0e0de64aabc2fda17caa3403b99c797e
- kind: project-relative
  target: agent-skills
  value: .agents/skills/graph-workflow/references/GRAPH_CONTRACT.md
  runtime: null
  scope: project
  owners:
  - ../../payload/skills/graph-workflow
  active_owner: ../../payload/skills/graph-workflow
  content_hash: sha256:35763c1804c0b799ed116e06ac8034d9b0f19ae3941e9bdbbee086cc29aab9c1
- kind: project-relative
  target: agent-skills
  value: .agents/skills/graph-workflow/references/RECOVERY_AND_EVALUATION.md
  runtime: null
  scope: project
  owners:
  - ../../payload/skills/graph-workflow
  active_owner: ../../payload/skills/graph-workflow
  content_hash: sha256:f81b7051f3a78934e914cdf42ed9986a8ec1a4dc3190d7516707a8874ed162d0
- kind: project-relative
  target: agent-skills
  value: .agents/skills/graph-workflow/scripts/select-execution-surface.mjs
  runtime: null
  scope: project
  owners:
  - ../../payload/skills/graph-workflow
  active_owner: ../../payload/skills/graph-workflow
  content_hash: sha256:3d6765c3b71f392f1b14dfb2700da3e008f506c772b39bc9f1c8a7dc253edf95
