lockfile_version: '1'
generated_at: '2026-08-07T12:50:31.072500+00:00'
apm_version: 0.28.0
dependencies:
- repo_url: _local/canonical-state
  name: canonical-state
  version: 0.0.0
  package_type: claude_skill
  source: local
  local_path: ../../payload/skills/canonical-state
- repo_url: _local/capability-resolver
  name: capability-resolver
  version: 0.0.0
  package_type: claude_skill
  source: local
  local_path: ../../payload/skills/capability-resolver
- repo_url: _local/graph-workflow
  name: graph-workflow
  version: 0.0.0
  package_type: claude_skill
  source: local
  local_path: ../../payload/skills/graph-workflow
- repo_url: _local/research
  name: research
  version: 0.0.0
  package_type: claude_skill
  source: local
  local_path: ../../payload/skills/research
- repo_url: _local/research-core
  name: research-core
  version: 0.0.0
  package_type: claude_skill
  source: local
  local_path: ../../payload/skills/research-core
- repo_url: _local/software-workflow
  name: software-workflow
  version: 0.0.0
  package_type: claude_skill
  source: local
  local_path: ../../payload/skills/software-workflow
- repo_url: _local/verified-operations
  name: verified-operations
  version: 0.0.0
  package_type: claude_skill
  source: local
  local_path: ../../payload/skills/verified-operations
- repo_url: _local/writing-skills
  name: writing-skills
  version: 0.0.0
  package_type: claude_skill
  source: local
  local_path: ../../payload/skills/writing-skills
- repo_url: anthropics/skills
  name: frontend-design
  host: github.com
  resolved_commit: b29e7cf65e5cb78a5ac33d582270551bc74a14eb
  resolved_ref: b29e7cf65e5cb78a5ac33d582270551bc74a14eb
  version: unknown
  virtual_path: skills/frontend-design
  is_virtual: true
  package_type: claude_skill
  content_hash: sha256:4eabc66183767153e404b39d1b839b1c37f2d82d86f0a0d7e880a579d8d62336
- repo_url: ayghri/i-have-adhd
  name: i-have-adhd
  host: github.com
  resolved_commit: 2d19ad205eb1d85fc9c3968bdeba4c2116518685
  resolved_ref: 2d19ad205eb1d85fc9c3968bdeba4c2116518685
  version: unknown
  virtual_path: skills/i-have-adhd
  is_virtual: true
  package_type: claude_skill
  content_hash: sha256:e2e40348490cbef2283996b1be16aa4f69544d38f5e9836e7d19a1edcc5b9bd9
- repo_url: dietrichgebert/ponytail
  materialization_repo_url: DietrichGebert/ponytail
  name: ponytail
  host: github.com
  resolved_commit: bc9ee949d5f439e8b9f3bb92c6d6d3d1e6ebd324
  resolved_ref: bc9ee949d5f439e8b9f3bb92c6d6d3d1e6ebd324
  version: unknown
  virtual_path: skills/ponytail
  is_virtual: true
  package_type: claude_skill
  content_hash: sha256:4503a9dba2dca5836469a104c90e0c32ae9cb8bb97d02806e6fa06d15ceed56a
- repo_url: dietrichgebert/ponytail
  materialization_repo_url: DietrichGebert/ponytail
  name: ponytail-review
  host: github.com
  resolved_commit: bc9ee949d5f439e8b9f3bb92c6d6d3d1e6ebd324
  resolved_ref: bc9ee949d5f439e8b9f3bb92c6d6d3d1e6ebd324
  version: unknown
  virtual_path: skills/ponytail-review
  is_virtual: true
  package_type: claude_skill
  content_hash: sha256:4646594fcd75455533f7ff1425f4f1c5ba0fa65f88241bf262b1c4fc275f049a
- repo_url: jgraph/drawio-mcp
  name: drawio
  host: github.com
  resolved_commit: 14b318b19cc37b159f841227b9d11fbd18ce18ea
  resolved_ref: 14b318b19cc37b159f841227b9d11fbd18ce18ea
  version: unknown
  virtual_path: plugins/codex/drawio/skills/drawio
  is_virtual: true
  package_type: claude_skill
  content_hash: sha256:013953b81f420dc3444604d03608f3c02672b94b8e753ec2027e3615a678591b
- repo_url: mattpocock/skills
  name: codebase-design
  host: github.com
  resolved_commit: 8b36d4fb2635b3c21998dcd8144439c9e5ba7302
  resolved_ref: 8b36d4fb2635b3c21998dcd8144439c9e5ba7302
  version: unknown
  virtual_path: skills/engineering/codebase-design
  is_virtual: true
  package_type: claude_skill
  content_hash: sha256:c3aea0683a7dafd1a9a3413cfffcacd3edcbaf652ba70f5cf5be89fcdc15d85c
- repo_url: mattpocock/skills
  name: diagnosing-bugs
  host: github.com
  resolved_commit: 8b36d4fb2635b3c21998dcd8144439c9e5ba7302
  resolved_ref: 8b36d4fb2635b3c21998dcd8144439c9e5ba7302
  version: unknown
  virtual_path: skills/engineering/diagnosing-bugs
  is_virtual: true
  package_type: claude_skill
  content_hash: sha256:4cfc9a76401a2c153cc650115523393cecf58f7ad67a0ac81c193bd3baad59d0
- repo_url: mattpocock/skills
  name: tdd
  host: github.com
  resolved_commit: 8b36d4fb2635b3c21998dcd8144439c9e5ba7302
  resolved_ref: 8b36d4fb2635b3c21998dcd8144439c9e5ba7302
  version: unknown
  virtual_path: skills/engineering/tdd
  is_virtual: true
  package_type: claude_skill
  content_hash: sha256:c5cf96f8b9cb868817fdc2662280c69655ba1180a9d359ce318b19e8786180cf
- repo_url: softaworks/agent-toolkit
  name: requirements-clarity
  host: github.com
  resolved_commit: 3027f20f3181758385a1bb8c022d4041dfb4de84
  resolved_ref: 3027f20f3181758385a1bb8c022d4041dfb4de84
  version: unknown
  virtual_path: skills/requirements-clarity
  is_virtual: true
  package_type: claude_skill
  content_hash: sha256:27ab2b19ebb31ff719c2e19d1ae3c4122f37d964a447b180bfb838d7b2198a02
- repo_url: vercel-labs/agent-skills
  name: vercel-composition-patterns
  host: github.com
  resolved_commit: 7c180d9044c9ae2b442b567aad4e42a28dd5ed62
  resolved_ref: 7c180d9044c9ae2b442b567aad4e42a28dd5ed62
  version: unknown
  virtual_path: skills/composition-patterns
  is_virtual: true
  package_type: claude_skill
  content_hash: sha256:5b3564ca435f4714d5e65023351e1999e4744818603a9cfb6a6f6a61b7d84918
- repo_url: vercel-labs/agent-skills
  name: vercel-react-best-practices
  host: github.com
  resolved_commit: 7c180d9044c9ae2b442b567aad4e42a28dd5ed62
  resolved_ref: 7c180d9044c9ae2b442b567aad4e42a28dd5ed62
  version: unknown
  virtual_path: skills/react-best-practices
  is_virtual: true
  package_type: claude_skill
  content_hash: sha256:74f142d28d360d78e8bac4f239a84c87f0ced9015729bc72b5458d82ff45b015
deployments: []
